
Microsoft Visual Studio Solution File, Format Version 12.00
# Visual Studio Version 16
VisualStudioVersion = 16.0.28803.452
MinimumVisualStudioVersion = 10.0.40219.1
Project("{FAE04EC0-301F-11D3-BF4B-00C04F79EFBC}") = "AutoCart.Android", "AutoCart\AutoCart.Android\AutoCart.Android.csproj", "{49635F54-510A-4305-9ED6-04721F8A7436}"
EndProject
Project("{FAE04EC0-301F-11D3-BF4B-00C04F79EFBC}") = "AutoCart.iOS", "AutoCart\AutoCart.iOS\AutoCart.iOS.csproj", "{3FD9F6C7-B0F5-4EDE-939B-47BDECFA5AB1}"
EndProject
Project("{FAE04EC0-301F-11D3-BF4B-00C04F79EFBC}") = "AutoCart", "AutoCart\AutoCart\AutoCart.csproj", "{F045041B-9235-4AB5-BEE5-1D0EBF6CA833}"
EndProject
Global
	GlobalSection(SolutionConfigurationPlatforms) = preSolution
		Debug|Any CPU = Debug|Any CPU
		Debug|iPhone = Debug|iPhone
		Debug|iPhoneSimulator = Debug|iPhoneSimulator
		Release|Any CPU = Release|Any CPU
		Release|iPhone = Release|iPhone
		Release|iPhoneSimulator = Release|iPhoneSimulator
	EndGlobalSection
	GlobalSection(ProjectConfigurationPlatforms) = postSolution
		{49635F54-510A-4305-9ED6-04721F8A7436}.Debug|Any CPU.ActiveCfg = Debug|Any CPU
		{49635F54-510A-4305-9ED6-04721F8A7436}.Debug|Any CPU.Build.0 = Debug|Any CPU
		{49635F54-510A-4305-9ED6-04721F8A7436}.Debug|Any CPU.Deploy.0 = Debug|Any CPU
		{49635F54-510A-4305-9ED6-04721F8A7436}.Debug|iPhone.ActiveCfg = Debug|Any CPU
		{49635F54-510A-4305-9ED6-04721F8A7436}.Debug|iPhone.Build.0 = Debug|Any CPU
		{49635F54-510A-4305-9ED6-04721F8A7436}.Debug|iPhone.Deploy.0 = Debug|Any CPU
		{49635F54-510A-4305-9ED6-04721F8A7436}.Debug|iPhoneSimulator.ActiveCfg = Debug|Any CPU
		{49635F54-510A-4305-9ED6-04721F8A7436}.Debug|iPhoneSimulator.Build.0 = Debug|Any CPU
		{49635F54-510A-4305-9ED6-04721F8A7436}.Debug|iPhoneSimulator.Deploy.0 = Debug|Any CPU
		{49635F54-510A-4305-9ED6-04721F8A7436}.Release|Any CPU.ActiveCfg = Release|Any CPU
		{49635F54-510A-4305-9ED6-04721F8A7436}.Release|Any CPU.Build.0 = Release|Any CPU
		{49635F54-510A-4305-9ED6-04721F8A7436}.Release|Any CPU.Deploy.0 = Release|Any CPU
		{49635F54-510A-4305-9ED6-04721F8A7436}.Release|iPhone.ActiveCfg = Release|Any CPU
		{49635F54-510A-4305-9ED6-04721F8A7436}.Release|iPhone.Build.0 = Release|Any CPU
		{49635F54-510A-4305-9ED6-04721F8A7436}.Release|iPhone.Deploy.0 = Release|Any CPU
		{49635F54-510A-4305-9ED6-04721F8A7436}.Release|iPhoneSimulator.ActiveCfg = Release|Any CPU
		{49635F54-510A-4305-9ED6-04721F8A7436}.Release|iPhoneSimulator.Build.0 = Release|Any CPU
		{49635F54-510A-4305-9ED6-04721F8A7436}.Release|iPhoneSimulator.Deploy.0 = Release|Any CPU
		{3FD9F6C7-B0F5-4EDE-939B-47BDECFA5AB1}.Debug|Any CPU.ActiveCfg = Debug|iPhoneSimulator
		{3FD9F6C7-B0F5-4EDE-939B-47BDECFA5AB1}.Debug|Any CPU.Build.0 = Debug|iPhoneSimulator
		{3FD9F6C7-B0F5-4EDE-939B-47BDECFA5AB1}.Debug|Any CPU.Deploy.0 = Debug|iPhoneSimulator
		{3FD9F6C7-B0F5-4EDE-939B-47BDECFA5AB1}.Debug|iPhone.ActiveCfg = Debug|iPhone
		{3FD9F6C7-B0F5-4EDE-939B-47BDECFA5AB1}.Debug|iPhone.Build.0 = Debug|iPhone
		{3FD9F6C7-B0F5-4EDE-939B-47BDECFA5AB1}.Debug|iPhone.Deploy.0 = Debug|iPhone
		{3FD9F6C7-B0F5-4EDE-939B-47BDECFA5AB1}.Debug|iPhoneSimulator.ActiveCfg = Debug|iPhoneSimulator
		{3FD9F6C7-B0F5-4EDE-939B-47BDECFA5AB1}.Debug|iPhoneSimulator.Build.0 = Debug|iPhoneSimulator
		{3FD9F6C7-B0F5-4EDE-939B-47BDECFA5AB1}.Debug|iPhoneSimulator.Deploy.0 = Debug|iPhoneSimulator
		{3FD9F6C7-B0F5-4EDE-939B-47BDECFA5AB1}.Release|Any CPU.ActiveCfg = Release|iPhone
		{3FD9F6C7-B0F5-4EDE-939B-47BDECFA5AB1}.Release|Any CPU.Build.0 = Release|iPhone
		{3FD9F6C7-B0F5-4EDE-939B-47BDECFA5AB1}.Release|Any CPU.Deploy.0 = Release|iPhone
		{3FD9F6C7-B0F5-4EDE-939B-47BDECFA5AB1}.Release|iPhone.ActiveCfg = Release|iPhone
		{3FD9F6C7-B0F5-4EDE-939B-47BDECFA5AB1}.Release|iPhone.Build.0 = Release|iPhone
		{3FD9F6C7-B0F5-4EDE-939B-47BDECFA5AB1}.Release|iPhone.Deploy.0 = Release|iPhone
		{3FD9F6C7-B0F5-4EDE-939B-47BDECFA5AB1}.Release|iPhoneSimulator.ActiveCfg = Release|iPhoneSimulator
		{3FD9F6C7-B0F5-4EDE-939B-47BDECFA5AB1}.Release|iPhoneSimulator.Build.0 = Release|iPhoneSimulator
		{3FD9F6C7-B0F5-4EDE-939B-47BDECFA5AB1}.Release|iPhoneSimulator.Deploy.0 = Release|iPhoneSimulator
		{F045041B-9235-4AB5-BEE5-1D0EBF6CA833}.Debug|Any CPU.ActiveCfg = Debug|Any CPU
		{F045041B-9235-4AB5-BEE5-1D0EBF6CA833}.Debug|Any CPU.Build.0 = Debug|Any CPU
		{F045041B-9235-4AB5-BEE5-1D0EBF6CA833}.Debug|Any CPU.Deploy.0 = Debug|Any CPU
		{F045041B-9235-4AB5-BEE5-1D0EBF6CA833}.Debug|iPhone.ActiveCfg = Debug|Any CPU
		{F045041B-9235-4AB5-BEE5-1D0EBF6CA833}.Debug|iPhone.Build.0 = Debug|Any CPU
		{F045041B-9235-4AB5-BEE5-1D0EBF6CA833}.Debug|iPhone.Deploy.0 = Debug|Any CPU
		{F045041B-9235-4AB5-BEE5-1D0EBF6CA833}.Debug|iPhoneSimulator.ActiveCfg = Debug|Any CPU
		{F045041B-9235-4AB5-BEE5-1D0EBF6CA833}.Debug|iPhoneSimulator.Build.0 = Debug|Any CPU
		{F045041B-9235-4AB5-BEE5-1D0EBF6CA833}.Debug|iPhoneSimulator.Deploy.0 = Debug|Any CPU
		{F045041B-9235-4AB5-BEE5-1D0EBF6CA833}.Release|Any CPU.ActiveCfg = Release|Any CPU
		{F045041B-9235-4AB5-BEE5-1D0EBF6CA833}.Release|Any CPU.Build.0 = Release|Any CPU
		{F045041B-9235-4AB5-BEE5-1D0EBF6CA833}.Release|Any CPU.Deploy.0 = Release|Any CPU
		{F045041B-9235-4AB5-BEE5-1D0EBF6CA833}.Release|iPhone.ActiveCfg = Release|Any CPU
		{F045041B-9235-4AB5-BEE5-1D0EBF6CA833}.Release|iPhone.Build.0 = Release|Any CPU
		{F045041B-9235-4AB5-BEE5-1D0EBF6CA833}.Release|iPhone.Deploy.0 = Release|Any CPU
		{F045041B-9235-4AB5-BEE5-1D0EBF6CA833}.Release|iPhoneSimulator.ActiveCfg = Release|Any CPU
		{F045041B-9235-4AB5-BEE5-1D0EBF6CA833}.Release|iPhoneSimulator.Build.0 = Release|Any CPU
		{F045041B-9235-4AB5-BEE5-1D0EBF6CA833}.Release|iPhoneSimulator.Deploy.0 = Release|Any CPU
	EndGlobalSection
	GlobalSection(SolutionProperties) = preSolution
		HideSolutionNode = FALSE
	EndGlobalSection
	GlobalSection(ExtensibilityGlobals) = postSolution
		SolutionGuid = {ED753876-A7F2-4CD5-8271-CA830B03320C}
	EndGlobalSection
EndGlobal
